
Microsoft Visual Studio Solution File, Format Version 12.00
# Visual Studio Version 17
VisualStudioVersion = 17.9.34902.65
MinimumVisualStudioVersion = 10.0.40219.1
Project("{FAE04EC0-301F-11D3-BF4B-00C04F79EFBC}") = "Assess", "Assess.csproj", "{1D9333CB-9FF5-4B13-A537-67CAA7158E34}"
EndProject
Global
	GlobalSection(SolutionConfigurationPlatforms) = preSolution
		Debug|Any CPU = Debug|Any CPU
		Release|Any CPU = Release|Any CPU
	EndGlobalSection
	GlobalSection(ProjectConfigurationPlatforms) = postSolution
		{1D9333CB-9FF5-4B13-A537-67CAA7158E34}.Debug|Any CPU.ActiveCfg = Debug|Any CPU
		{1D9333CB-9FF5-4B13-A537-67CAA7158E34}.Debug|Any CPU.Build.0 = Debug|Any CPU
		{1D9333CB-9FF5-4B13-A537-67CAA7158E34}.Release|Any CPU.ActiveCfg = Release|Any CPU
		{1D9333CB-9FF5-4B13-A537-67CAA7158E34}.Release|Any CPU.Build.0 = Release|Any CPU
	EndGlobalSection
	GlobalSection(SolutionProperties) = preSolution
		HideSolutionNode = FALSE
	EndGlobalSection
	GlobalSection(ExtensibilityGlobals) = postSolution
		SolutionGuid = {C9AD0B01-3031-4A1F-B9E5-9A8EB2281336}
	EndGlobalSection
EndGlobal
